
Microsoft Visual Studio Solution File, Format Version 12.00
# Visual Studio 15
VisualStudioVersion = 15.0.28010.0
MinimumVisualStudioVersion = 10.0.40219.1
Project("{FAE04EC0-301F-11D3-BF4B-00C04F79EFBC}") = "EF.Migrations.DemoApp", "EF.Migrations.DemoApp\EF.Migrations.DemoApp.csproj", "{62C6C39F-98FD-44A3-AEE8-A4FFACDF445F}"
EndProject
Global
	GlobalSection(SolutionConfigurationPlatforms) = preSolution
		Debug|Any CPU = Debug|Any CPU
		Release|Any CPU = Release|Any CPU
	EndGlobalSection
	GlobalSection(ProjectConfigurationPlatforms) = postSolution
		{62C6C39F-98FD-44A3-AEE8-A4FFACDF445F}.Debug|Any CPU.ActiveCfg = Debug|Any CPU
		{62C6C39F-98FD-44A3-AEE8-A4FFACDF445F}.Debug|Any CPU.Build.0 = Debug|Any CPU
		{62C6C39F-98FD-44A3-AEE8-A4FFACDF445F}.Release|Any CPU.ActiveCfg = Release|Any CPU
		{62C6C39F-98FD-44A3-AEE8-A4FFACDF445F}.Release|Any CPU.Build.0 = Release|Any CPU
	EndGlobalSection
	GlobalSection(SolutionProperties) = preSolution
		HideSolutionNode = FALSE
	EndGlobalSection
	GlobalSection(ExtensibilityGlobals) = postSolution
		SolutionGuid = {18A9B1B0-8005-411E-87B4-843B61DCF157}
	EndGlobalSection
EndGlobal
